// !$*UTF8*$!
{
	archiveVersion = 1;
	classes = {
	};
	objectVersion = 77;
	objects = {

/* Begin PBXBuildFile section */
		0F9FCD0AAA8D78AACD6FA6FA /* CursorProvider.swift in Sources */ = {isa = PBXBuildFile; fileRef = 329ED075E7D446A1AB88C85C /* CursorProvider.swift */; };
		1F928336732F72EF903CE215 /* LocalPWAServer.swift in Sources */ = {isa = PBXBuildFile; fileRef = 942FF095F80398F2F48468E8 /* LocalPWAServer.swift */; };
		31F56B15827398A3510322E7 /* CodexProvider.swift in Sources */ = {isa = PBXBuildFile; fileRef = 0D7C2E17F5F19EAF6C4C74B2 /* CodexProvider.swift */; };
		46A2C87091DB2E55D1B82616 /* MetriaApp.swift in Sources */ = {isa = PBXBuildFile; fileRef = ABC404DE64C320E52402D468 /* MetriaApp.swift */; };
		4721758378AC7CB6DCE97443 /* Sparkle in Frameworks */ = {isa = PBXBuildFile; productRef = EF981CF3ECD2D27A2B2730B3 /* Sparkle */; };
		52564D3CB2D6251DD5733657 /* PairingSecret.swift in Sources */ = {isa = PBXBuildFile; fileRef = 17B8670774860D40198385E3 /* PairingSecret.swift */; };
		577F4D95C96F959AA5487127 /* ProviderError.swift in Sources */ = {isa = PBXBuildFile; fileRef = 4030AD71B8AFE1AB81BA2549 /* ProviderError.swift */; };
		5C570FEB062A2BFD5F60500B /* ProviderActivityMonitor.swift in Sources */ = {isa = PBXBuildFile; fileRef = EB5708106721FFBC18754EDD /* ProviderActivityMonitor.swift */; };
		617E9F66F43072EBF15E76C5 /* LocalNetwork.swift in Sources */ = {isa = PBXBuildFile; fileRef = 18B16A90CF8351DF99C63A8A /* LocalNetwork.swift */; };
		636C3963D32BD250319A58EF /* Updater.swift in Sources */ = {isa = PBXBuildFile; fileRef = 36216E6ACB911FA08CA36234 /* Updater.swift */; };
		6EF9BB36424EF416AAE77439 /* KeychainReader.swift in Sources */ = {isa = PBXBuildFile; fileRef = 8F37E9B9BF1481EC13F0AB9B /* KeychainReader.swift */; };
		9309C7F6C13A860ADBCF4BFA /* MetriaCore.framework in Embed Frameworks */ = {isa = PBXBuildFile; fileRef = 8EB81A191BD1F3F9D21426FB /* MetriaCore.framework */; settings = {ATTRIBUTES = (CodeSignOnCopy, RemoveHeadersOnCopy, ); }; };
		9401FE6A4D61FC25C4CADA12 /* ProviderRegistry.swift in Sources */ = {isa = PBXBuildFile; fileRef = 3B98B0A12299F11B2D7262C2 /* ProviderRegistry.swift */; };
		989E9729C42611755710CD7C /* AppIcon.icon in Resources */ = {isa = PBXBuildFile; fileRef = 9BD185ECDE501CAD12DA5438 /* AppIcon.icon */; };
		9CC880BFC528518A30EFE40A /* ProviderKind+Presentation.swift in Sources */ = {isa = PBXBuildFile; fileRef = 820924689FDBC3107D06765C /* ProviderKind+Presentation.swift */; };
		A0B6AF481AEFD26114F18CD7 /* MetriaCore.framework in Frameworks */ = {isa = PBXBuildFile; fileRef = 8EB81A191BD1F3F9D21426FB /* MetriaCore.framework */; };
		A58CC89CB7D116D25908E8DB /* UsageStore.swift in Sources */ = {isa = PBXBuildFile; fileRef = 3E4C6F8FCF0C2AE2E932ED6F /* UsageStore.swift */; };
		B0D16525171231FFE5C69C84 /* OpenCodeGoProvider.swift in Sources */ = {isa = PBXBuildFile; fileRef = 488A30C52B2A951130A87634 /* OpenCodeGoProvider.swift */; };
		BCAAA4FF3E584906BD4F3006 /* OnboardingView.swift in Sources */ = {isa = PBXBuildFile; fileRef = 5F76937A0473449017F3EB57 /* OnboardingView.swift */; };
		BD14854124859D3F61FFB61D /* AntigravityProvider.swift in Sources */ = {isa = PBXBuildFile; fileRef = 358AA6325C40633CC548F9A3 /* AntigravityProvider.swift */; };
		C60A0D354E8CDD43466B3457 /* CursorStateStore.swift in Sources */ = {isa = PBXBuildFile; fileRef = 2144FE93ADD1A194EEA0D854 /* CursorStateStore.swift */; };
		E87CBB5215F9C3C201D860CE /* UsageSnapshot.swift in Sources */ = {isa = PBXBuildFile; fileRef = C8C81534D399ED080DD3983A /* UsageSnapshot.swift */; };
		EF5641DDF417468BFB615AAD /* ClaudeProvider.swift in Sources */ = {isa = PBXBuildFile; fileRef = FF582539BF3108580AC1F4FC /* ClaudeProvider.swift */; };
		EFCA4810DF283BE11713152C /* BIP39Wordlist.swift in Sources */ = {isa = PBXBuildFile; fileRef = B5CA5CE06369AFD9039949DE /* BIP39Wordlist.swift */; };
		FB1F9F0C6990C4A373397544 /* Localizable.xcstrings in Resources */ = {isa = PBXBuildFile; fileRef = D588191EB0695B9A4FC447E9 /* Localizable.xcstrings */; };
		FFC29DC11D67E94AB5CAFF31 /* MetriaResources.swift in Sources */ = {isa = PBXBuildFile; fileRef = 97692A6C8502A27D4FA476F0 /* MetriaResources.swift */; };
/* End PBXBuildFile section */

/* Begin PBXContainerItemProxy section */
		DA42FB60A8F444511657E701 /* PBXContainerItemProxy */ = {
			isa = PBXContainerItemProxy;
			containerPortal = 85045BDDA11BB2DB26A57D6F /* Project object */;
			proxyType = 1;
			remoteGlobalIDString = C6EBFF1B2C0DD064A95140F6;
			remoteInfo = MetriaCore;
		};
/* End PBXContainerItemProxy section */

/* Begin PBXCopyFilesBuildPhase section */
		FCD8448EC65257656112105B /* Embed Frameworks */ = {
			isa = PBXCopyFilesBuildPhase;
			buildActionMask = 2147483647;
			dstPath = "";
			dstSubfolderSpec = 10;
			files = (
				9309C7F6C13A860ADBCF4BFA /* MetriaCore.framework in Embed Frameworks */,
			);
			name = "Embed Frameworks";
			runOnlyForDeploymentPostprocessing = 0;
		};
/* End PBXCopyFilesBuildPhase section */

/* Begin PBXFileReference section */
		0D7C2E17F5F19EAF6C4C74B2 /* CodexProvider.swift */ = {isa = PBXFileReference; lastKnownFileType = sourcecode.swift; path = CodexProvider.swift; sourceTree = "<group>"; };
		17B8670774860D40198385E3 /* PairingSecret.swift */ = {isa = PBXFileReference; lastKnownFileType = sourcecode.swift; path = PairingSecret.swift; sourceTree = "<group>"; };
		18B16A90CF8351DF99C63A8A /* LocalNetwork.swift */ = {isa = PBXFileReference; lastKnownFileType = sourcecode.swift; path = LocalNetwork.swift; sourceTree = "<group>"; };
		2144FE93ADD1A194EEA0D854 /* CursorStateStore.swift */ = {isa = PBXFileReference; lastKnownFileType = sourcecode.swift; path = CursorStateStore.swift; sourceTree = "<group>"; };
		329ED075E7D446A1AB88C85C /* CursorProvider.swift */ = {isa = PBXFileReference; lastKnownFileType = sourcecode.swift; path = CursorProvider.swift; sourceTree = "<group>"; };
		358AA6325C40633CC548F9A3 /* AntigravityProvider.swift */ = {isa = PBXFileReference; lastKnownFileType = sourcecode.swift; path = AntigravityProvider.swift; sourceTree = "<group>"; };
		36216E6ACB911FA08CA36234 /* Updater.swift */ = {isa = PBXFileReference; lastKnownFileType = sourcecode.swift; path = Updater.swift; sourceTree = "<group>"; };
		384012F0494BF87B637ABDE9 /* Metria.app */ = {isa = PBXFileReference; explicitFileType = wrapper.application; includeInIndex = 0; path = Metria.app; sourceTree = BUILT_PRODUCTS_DIR; };
		3B98B0A12299F11B2D7262C2 /* ProviderRegistry.swift */ = {isa = PBXFileReference; lastKnownFileType = sourcecode.swift; path = ProviderRegistry.swift; sourceTree = "<group>"; };
		3E4C6F8FCF0C2AE2E932ED6F /* UsageStore.swift */ = {isa = PBXFileReference; lastKnownFileType = sourcecode.swift; path = UsageStore.swift; sourceTree = "<group>"; };
		4030AD71B8AFE1AB81BA2549 /* ProviderError.swift */ = {isa = PBXFileReference; lastKnownFileType = sourcecode.swift; path = ProviderError.swift; sourceTree = "<group>"; };
		488A30C52B2A951130A87634 /* OpenCodeGoProvider.swift */ = {isa = PBXFileReference; lastKnownFileType = sourcecode.swift; path = OpenCodeGoProvider.swift; sourceTree = "<group>"; };
		5F76937A0473449017F3EB57 /* OnboardingView.swift */ = {isa = PBXFileReference; lastKnownFileType = sourcecode.swift; path = OnboardingView.swift; sourceTree = "<group>"; };
		820924689FDBC3107D06765C /* ProviderKind+Presentation.swift */ = {isa = PBXFileReference; lastKnownFileType = sourcecode.swift; path = "ProviderKind+Presentation.swift"; sourceTree = "<group>"; };
		8EB81A191BD1F3F9D21426FB /* MetriaCore.framework */ = {isa = PBXFileReference; explicitFileType = wrapper.framework; includeInIndex = 0; path = MetriaCore.framework; sourceTree = BUILT_PRODUCTS_DIR; };
		8F37E9B9BF1481EC13F0AB9B /* KeychainReader.swift */ = {isa = PBXFileReference; lastKnownFileType = sourcecode.swift; path = KeychainReader.swift; sourceTree = "<group>"; };
		942FF095F80398F2F48468E8 /* LocalPWAServer.swift */ = {isa = PBXFileReference; lastKnownFileType = sourcecode.swift; path = LocalPWAServer.swift; sourceTree = "<group>"; };
		97692A6C8502A27D4FA476F0 /* MetriaResources.swift */ = {isa = PBXFileReference; lastKnownFileType = sourcecode.swift; path = MetriaResources.swift; sourceTree = "<group>"; };
		9BD185ECDE501CAD12DA5438 /* AppIcon.icon */ = {isa = PBXFileReference; lastKnownFileType = wrapper.icon; path = AppIcon.icon; sourceTree = "<group>"; };
		ABC404DE64C320E52402D468 /* MetriaApp.swift */ = {isa = PBXFileReference; lastKnownFileType = sourcecode.swift; path = MetriaApp.swift; sourceTree = "<group>"; };
		B5CA5CE06369AFD9039949DE /* BIP39Wordlist.swift */ = {isa = PBXFileReference; lastKnownFileType = sourcecode.swift; path = BIP39Wordlist.swift; sourceTree = "<group>"; };
		C8C81534D399ED080DD3983A /* UsageSnapshot.swift */ = {isa = PBXFileReference; lastKnownFileType = sourcecode.swift; path = UsageSnapshot.swift; sourceTree = "<group>"; };
		D588191EB0695B9A4FC447E9 /* Localizable.xcstrings */ = {isa = PBXFileReference; lastKnownFileType = text.json.xcstrings; path = Localizable.xcstrings; sourceTree = "<group>"; };
		EB5708106721FFBC18754EDD /* ProviderActivityMonitor.swift */ = {isa = PBXFileReference; lastKnownFileType = sourcecode.swift; path = ProviderActivityMonitor.swift; sourceTree = "<group>"; };
		FF582539BF3108580AC1F4FC /* ClaudeProvider.swift */ = {isa = PBXFileReference; lastKnownFileType = sourcecode.swift; path = ClaudeProvider.swift; sourceTree = "<group>"; };
/* End PBXFileReference section */

/* Begin PBXFrameworksBuildPhase section */
		D9D2A412C18D8DF946C8C770 /* Frameworks */ = {
			isa = PBXFrameworksBuildPhase;
			buildActionMask = 2147483647;
			files = (
				A0B6AF481AEFD26114F18CD7 /* MetriaCore.framework in Frameworks */,
				4721758378AC7CB6DCE97443 /* Sparkle in Frameworks */,
			);
			runOnlyForDeploymentPostprocessing = 0;
		};
/* End PBXFrameworksBuildPhase section */

/* Begin PBXGroup section */
		32231B4583EDA193B07D0545 /* Metria */ = {
			isa = PBXGroup;
			children = (
				D588191EB0695B9A4FC447E9 /* Localizable.xcstrings */,
				18B16A90CF8351DF99C63A8A /* LocalNetwork.swift */,
				942FF095F80398F2F48468E8 /* LocalPWAServer.swift */,
				ABC404DE64C320E52402D468 /* MetriaApp.swift */,
				97692A6C8502A27D4FA476F0 /* MetriaResources.swift */,
				5F76937A0473449017F3EB57 /* OnboardingView.swift */,
				EB5708106721FFBC18754EDD /* ProviderActivityMonitor.swift */,
				36216E6ACB911FA08CA36234 /* Updater.swift */,
				5B52A35A5B1800D8DF53A0E9 /* Providers */,
			);
			path = Metria;
			sourceTree = "<group>";
		};
		345983A9F3EF634D3030AFAB /* Sources */ = {
			isa = PBXGroup;
			children = (
				32231B4583EDA193B07D0545 /* Metria */,
				5B14A8A1543AFA589016332B /* MetriaCore */,
			);
			path = Sources;
			sourceTree = "<group>";
		};
		5B14A8A1543AFA589016332B /* MetriaCore */ = {
			isa = PBXGroup;
			children = (
				B5CA5CE06369AFD9039949DE /* BIP39Wordlist.swift */,
				17B8670774860D40198385E3 /* PairingSecret.swift */,
				C8C81534D399ED080DD3983A /* UsageSnapshot.swift */,
				3E4C6F8FCF0C2AE2E932ED6F /* UsageStore.swift */,
			);
			path = MetriaCore;
			sourceTree = "<group>";
		};
		5B52A35A5B1800D8DF53A0E9 /* Providers */ = {
			isa = PBXGroup;
			children = (
				358AA6325C40633CC548F9A3 /* AntigravityProvider.swift */,
				FF582539BF3108580AC1F4FC /* ClaudeProvider.swift */,
				0D7C2E17F5F19EAF6C4C74B2 /* CodexProvider.swift */,
				329ED075E7D446A1AB88C85C /* CursorProvider.swift */,
				2144FE93ADD1A194EEA0D854 /* CursorStateStore.swift */,
				8F37E9B9BF1481EC13F0AB9B /* KeychainReader.swift */,
				488A30C52B2A951130A87634 /* OpenCodeGoProvider.swift */,
				4030AD71B8AFE1AB81BA2549 /* ProviderError.swift */,
				820924689FDBC3107D06765C /* ProviderKind+Presentation.swift */,
				3B98B0A12299F11B2D7262C2 /* ProviderRegistry.swift */,
			);
			path = Providers;
			sourceTree = "<group>";
		};
		743020293964905E3450A926 /* Resources */ = {
			isa = PBXGroup;
			children = (
				9BD185ECDE501CAD12DA5438 /* AppIcon.icon */,
			);
			path = Resources;
			sourceTree = "<group>";
		};
		C0EAFE8D810C80E0C9591AB7 /* Products */ = {
			isa = PBXGroup;
			children = (
				384012F0494BF87B637ABDE9 /* Metria.app */,
				8EB81A191BD1F3F9D21426FB /* MetriaCore.framework */,
			);
			name = Products;
			sourceTree = "<group>";
		};
		DEE7314F484D35A0B765790F = {
			isa = PBXGroup;
			children = (
				743020293964905E3450A926 /* Resources */,
				345983A9F3EF634D3030AFAB /* Sources */,
				C0EAFE8D810C80E0C9591AB7 /* Products */,
			);
			sourceTree = "<group>";
		};
/* End PBXGroup section */

/* Begin PBXNativeTarget section */
		8A020C55B9EF86C0751F6D4E /* Metria */ = {
			isa = PBXNativeTarget;
			buildConfigurationList = 0080899C20487336489E8EA0 /* Build configuration list for PBXNativeTarget "Metria" */;
			buildPhases = (
				280AF565B3B1FACCD3D5541A /* Sources */,
				D28EFEF8E4CF2D9D298FFBB5 /* Resources */,
				D9D2A412C18D8DF946C8C770 /* Frameworks */,
				FCD8448EC65257656112105B /* Embed Frameworks */,
				A54BE8E112C3500CF036C0AE /* Copy bundled resources */,
			);
			buildRules = (
			);
			dependencies = (
				E1E8A933D9069DC3CDB8AEFC /* PBXTargetDependency */,
			);
			name = Metria;
			packageProductDependencies = (
				EF981CF3ECD2D27A2B2730B3 /* Sparkle */,
			);
			productName = Metria;
			productReference = 384012F0494BF87B637ABDE9 /* Metria.app */;
			productType = "com.apple.product-type.application";
		};
		C6EBFF1B2C0DD064A95140F6 /* MetriaCore */ = {
			isa = PBXNativeTarget;
			buildConfigurationList = C539FBBCF311A7919DCC9C26 /* Build configuration list for PBXNativeTarget "MetriaCore" */;
			buildPhases = (
				A2B4EFFA690221027DCEB542 /* Sources */,
			);
			buildRules = (
			);
			dependencies = (
			);
			name = MetriaCore;
			packageProductDependencies = (
			);
			productName = MetriaCore;
			productReference = 8EB81A191BD1F3F9D21426FB /* MetriaCore.framework */;
			productType = "com.apple.product-type.framework";
		};
/* End PBXNativeTarget section */

/* Begin PBXProject section */
		85045BDDA11BB2DB26A57D6F /* Project object */ = {
			isa = PBXProject;
			attributes = {
				BuildIndependentTargetsInParallel = YES;
				LastUpgradeCheck = 1430;
				TargetAttributes = {
				};
			};
			buildConfigurationList = 0312B2E708B8012C54AFBE17 /* Build configuration list for PBXProject "Metria" */;
			developmentRegion = en;
			hasScannedForEncodings = 0;
			knownRegions = (
				Base,
				en,
				"pt-BR",
			);
			mainGroup = DEE7314F484D35A0B765790F;
			minimizedProjectReferenceProxies = 1;
			packageReferences = (
				7DD7B785376A7B536CB35C3B /* XCRemoteSwiftPackageReference "Sparkle" */,
			);
			preferredProjectObjectVersion = 77;
			productRefGroup = C0EAFE8D810C80E0C9591AB7 /* Products */;
			projectDirPath = "";
			projectRoot = "";
			targets = (
				C6EBFF1B2C0DD064A95140F6 /* MetriaCore */,
				8A020C55B9EF86C0751F6D4E /* Metria */,
			);
		};
/* End PBXProject section */

/* Begin PBXResourcesBuildPhase section */
		D28EFEF8E4CF2D9D298FFBB5 /* Resources */ = {
			isa = PBXResourcesBuildPhase;
			buildActionMask = 2147483647;
			files = (
				989E9729C42611755710CD7C /* AppIcon.icon in Resources */,
				FB1F9F0C6990C4A373397544 /* Localizable.xcstrings in Resources */,
			);
			runOnlyForDeploymentPostprocessing = 0;
		};
/* End PBXResourcesBuildPhase section */

/* Begin PBXShellScriptBuildPhase section */
		A54BE8E112C3500CF036C0AE /* Copy bundled resources */ = {
			isa = PBXShellScriptBuildPhase;
			alwaysOutOfDate = 1;
			buildActionMask = 2147483647;
			files = (
			);
			inputFileListPaths = (
			);
			inputPaths = (
			);
			name = "Copy bundled resources";
			outputFileListPaths = (
			);
			outputPaths = (
			);
			runOnlyForDeploymentPostprocessing = 0;
			shellPath = /bin/sh;
			shellScript = "RESOURCE_DIRECTORY=\"${TARGET_BUILD_DIR}/${UNLOCALIZED_RESOURCES_FOLDER_PATH}\"\nmkdir -p \"${RESOURCE_DIRECTORY}\"\ncp \"${SRCROOT}\"/../../Assets/*.png \"${RESOURCE_DIRECTORY}/\"\ncp \"${SRCROOT}\"/../pwa/public/app.css \"${RESOURCE_DIRECTORY}/\"\ncp \"${SRCROOT}\"/../pwa/public/app.js \"${RESOURCE_DIRECTORY}/\"\ncp \"${SRCROOT}\"/../pwa/public/icon.svg \"${RESOURCE_DIRECTORY}/\"\ncp \"${SRCROOT}\"/../pwa/public/index.html \"${RESOURCE_DIRECTORY}/\"\ncp \"${SRCROOT}\"/../pwa/public/jsQR.js \"${RESOURCE_DIRECTORY}/\"\ncp \"${SRCROOT}\"/../pwa/public/manifest.json \"${RESOURCE_DIRECTORY}/\"\ncp \"${SRCROOT}\"/../pwa/public/pairing.js \"${RESOURCE_DIRECTORY}/\"\ncp \"${SRCROOT}\"/../pwa/public/scanner.js \"${RESOURCE_DIRECTORY}/\"\ncp \"${SRCROOT}\"/../pwa/public/sw.js \"${RESOURCE_DIRECTORY}/\"\ncp \"${SRCROOT}\"/../pwa/public/wordlist.js \"${RESOURCE_DIRECTORY}/\"\n";
		};
/* End PBXShellScriptBuildPhase section */

/* Begin PBXSourcesBuildPhase section */
		280AF565B3B1FACCD3D5541A /* Sources */ = {
			isa = PBXSourcesBuildPhase;
			buildActionMask = 2147483647;
			files = (
				BD14854124859D3F61FFB61D /* AntigravityProvider.swift in Sources */,
				EF5641DDF417468BFB615AAD /* ClaudeProvider.swift in Sources */,
				31F56B15827398A3510322E7 /* CodexProvider.swift in Sources */,
				0F9FCD0AAA8D78AACD6FA6FA /* CursorProvider.swift in Sources */,
				C60A0D354E8CDD43466B3457 /* CursorStateStore.swift in Sources */,
				6EF9BB36424EF416AAE77439 /* KeychainReader.swift in Sources */,
				617E9F66F43072EBF15E76C5 /* LocalNetwork.swift in Sources */,
				1F928336732F72EF903CE215 /* LocalPWAServer.swift in Sources */,
				46A2C87091DB2E55D1B82616 /* MetriaApp.swift in Sources */,
				FFC29DC11D67E94AB5CAFF31 /* MetriaResources.swift in Sources */,
				BCAAA4FF3E584906BD4F3006 /* OnboardingView.swift in Sources */,
				B0D16525171231FFE5C69C84 /* OpenCodeGoProvider.swift in Sources */,
				5C570FEB062A2BFD5F60500B /* ProviderActivityMonitor.swift in Sources */,
				577F4D95C96F959AA5487127 /* ProviderError.swift in Sources */,
				9CC880BFC528518A30EFE40A /* ProviderKind+Presentation.swift in Sources */,
				9401FE6A4D61FC25C4CADA12 /* ProviderRegistry.swift in Sources */,
				636C3963D32BD250319A58EF /* Updater.swift in Sources */,
			);
			runOnlyForDeploymentPostprocessing = 0;
		};
		A2B4EFFA690221027DCEB542 /* Sources */ = {
			isa = PBXSourcesBuildPhase;
			buildActionMask = 2147483647;
			files = (
				EFCA4810DF283BE11713152C /* BIP39Wordlist.swift in Sources */,
				52564D3CB2D6251DD5733657 /* PairingSecret.swift in Sources */,
				E87CBB5215F9C3C201D860CE /* UsageSnapshot.swift in Sources */,
				A58CC89CB7D116D25908E8DB /* UsageStore.swift in Sources */,
			);
			runOnlyForDeploymentPostprocessing = 0;
		};
/* End PBXSourcesBuildPhase section */

/* Begin PBXTargetDependency section */
		E1E8A933D9069DC3CDB8AEFC /* PBXTargetDependency */ = {
			isa = PBXTargetDependency;
			target = C6EBFF1B2C0DD064A95140F6 /* MetriaCore */;
			targetProxy = DA42FB60A8F444511657E701 /* PBXContainerItemProxy */;
		};
/* End PBXTargetDependency section */

/* Begin XCBuildConfiguration section */
		077A7D6FEFA1F77413E2E82B /* Debug */ = {
			isa = XCBuildConfiguration;
			buildSettings = {
				ALWAYS_SEARCH_USER_PATHS = NO;
				CLANG_ANALYZER_NONNULL = YES;
				CLANG_ANALYZER_NUMBER_OBJECT_CONVERSION = YES_AGGRESSIVE;
				CLANG_CXX_LANGUAGE_STANDARD = "gnu++14";
				CLANG_CXX_LIBRARY = "libc++";
				CLANG_ENABLE_MODULES = YES;
				CLANG_ENABLE_OBJC_ARC = YES;
				CLANG_ENABLE_OBJC_WEAK = YES;
				CLANG_WARN_BLOCK_CAPTURE_AUTORELEASING = YES;
				CLANG_WARN_BOOL_CONVERSION = YES;
				CLANG_WARN_COMMA = YES;
				CLANG_WARN_CONSTANT_CONVERSION = YES;
				CLANG_WARN_DEPRECATED_OBJC_IMPLEMENTATIONS = YES;
				CLANG_WARN_DIRECT_OBJC_ISA_USAGE = YES_ERROR;
				CLANG_WARN_DOCUMENTATION_COMMENTS = YES;
				CLANG_WARN_EMPTY_BODY = YES;
				CLANG_WARN_ENUM_CONVERSION = YES;
				CLANG_WARN_INFINITE_RECURSION = YES;
				CLANG_WARN_INT_CONVERSION = YES;
				CLANG_WARN_NON_LITERAL_NULL_CONVERSION = YES;
				CLANG_WARN_OBJC_IMPLICIT_RETAIN_SELF = YES;
				CLANG_WARN_OBJC_LITERAL_CONVERSION = YES;
				CLANG_WARN_OBJC_ROOT_CLASS = YES_ERROR;
				CLANG_WARN_QUOTED_INCLUDE_IN_FRAMEWORK_HEADER = YES;
				CLANG_WARN_RANGE_LOOP_ANALYSIS = YES;
				CLANG_WARN_STRICT_PROTOTYPES = YES;
				CLANG_WARN_SUSPICIOUS_MOVE = YES;
				CLANG_WARN_UNGUARDED_AVAILABILITY = YES_AGGRESSIVE;
				CLANG_WARN_UNREACHABLE_CODE = YES;
				CLANG_WARN__DUPLICATE_METHOD_MATCH = YES;
				COPY_PHASE_STRIP = NO;
				DEBUG_INFORMATION_FORMAT = dwarf;
				ENABLE_STRICT_OBJC_MSGSEND = YES;
				ENABLE_TESTABILITY = YES;
				GCC_C_LANGUAGE_STANDARD = gnu11;
				GCC_DYNAMIC_NO_PIC = NO;
				GCC_NO_COMMON_BLOCKS = YES;
				GCC_OPTIMIZATION_LEVEL = 0;
				GCC_PREPROCESSOR_DEFINITIONS = (
					"$(inherited)",
					"DEBUG=1",
				);
				GCC_WARN_64_TO_32_BIT_CONVERSION = YES;
				GCC_WARN_ABOUT_RETURN_TYPE = YES_ERROR;
				GCC_WARN_UNDECLARED_SELECTOR = YES;
				GCC_WARN_UNINITIALIZED_AUTOS = YES_AGGRESSIVE;
				GCC_WARN_UNUSED_FUNCTION = YES;
				GCC_WARN_UNUSED_VARIABLE = YES;
				MACOSX_DEPLOYMENT_TARGET = 13.0;
				MTL_ENABLE_DEBUG_INFO = INCLUDE_SOURCE;
				MTL_FAST_MATH = YES;
				ONLY_ACTIVE_ARCH = YES;
				PRODUCT_NAME = "$(TARGET_NAME)";
				SDKROOT = macosx;
				SWIFT_ACTIVE_COMPILATION_CONDITIONS = DEBUG;
				SWIFT_OPTIMIZATION_LEVEL = "-Onone";
				SWIFT_VERSION = 5.0;
			};
			name = Debug;
		};
		59869E2688E0EB43A11E85E7 /* Release */ = {
			isa = XCBuildConfiguration;
			buildSettings = {
				ASSETCATALOG_COMPILER_APPICON_NAME = AppIcon;
				CODE_SIGNING_ALLOWED = NO;
				CODE_SIGNING_REQUIRED = NO;
				CODE_SIGN_IDENTITY = "";
				COMBINE_HIDPI_IMAGES = YES;
				CURRENT_PROJECT_VERSION = 1;
				GENERATE_INFOPLIST_FILE = YES;
				INFOPLIST_KEY_CFBundleDisplayName = Metria;
				INFOPLIST_KEY_LSMultipleInstancesProhibited = YES;
				INFOPLIST_KEY_LSUIElement = YES;
				INFOPLIST_KEY_NSHighResolutionCapable = YES;
				INFOPLIST_KEY_NSLocalNetworkUsageDescription = "Metria serves the iPhone companion on your local network.";
				LD_RUNPATH_SEARCH_PATHS = (
					"$(inherited)",
					"@executable_path/../Frameworks",
				);
				MACOSX_DEPLOYMENT_TARGET = 13.0;
				MARKETING_VERSION = 0.2.0;
				PRODUCT_BUNDLE_IDENTIFIER = com.metria.app;
				PRODUCT_NAME = Metria;
				SDKROOT = macosx;
				SWIFT_OPTIMIZATION_LEVEL = "-O";
				SWIFT_VERSION = 5.9;
			};
			name = Release;
		};
		613AB16710561AB649BD2FD2 /* Release */ = {
			isa = XCBuildConfiguration;
			buildSettings = {
				CODE_SIGNING_ALLOWED = NO;
				CODE_SIGNING_REQUIRED = NO;
				CODE_SIGN_IDENTITY = "";
				COMBINE_HIDPI_IMAGES = YES;
				CURRENT_PROJECT_VERSION = 1;
				DEFINES_MODULE = YES;
				DYLIB_COMPATIBILITY_VERSION = 1;
				DYLIB_CURRENT_VERSION = 1;
				DYLIB_INSTALL_NAME_BASE = "@rpath";
				GENERATE_INFOPLIST_FILE = YES;
				INSTALL_PATH = "$(LOCAL_LIBRARY_DIR)/Frameworks";
				LD_RUNPATH_SEARCH_PATHS = (
					"$(inherited)",
					"@executable_path/../Frameworks",
				);
				MACOSX_DEPLOYMENT_TARGET = 13.0;
				PRODUCT_BUNDLE_IDENTIFIER = com.metria.core;
				SDKROOT = macosx;
				SKIP_INSTALL = YES;
				SWIFT_VERSION = 5.9;
				VERSIONING_SYSTEM = "apple-generic";
			};
			name = Release;
		};
		8CA0C2A0C38428161C8B6CC6 /* Debug */ = {
			isa = XCBuildConfiguration;
			buildSettings = {
				ASSETCATALOG_COMPILER_APPICON_NAME = AppIcon;
				CODE_SIGNING_ALLOWED = NO;
				CODE_SIGNING_REQUIRED = NO;
				CODE_SIGN_IDENTITY = "";
				COMBINE_HIDPI_IMAGES = YES;
				CURRENT_PROJECT_VERSION = 1;
				GENERATE_INFOPLIST_FILE = YES;
				INFOPLIST_KEY_CFBundleDisplayName = Metria;
				INFOPLIST_KEY_LSMultipleInstancesProhibited = YES;
				INFOPLIST_KEY_LSUIElement = YES;
				INFOPLIST_KEY_NSHighResolutionCapable = YES;
				INFOPLIST_KEY_NSLocalNetworkUsageDescription = "Metria serves the iPhone companion on your local network.";
				LD_RUNPATH_SEARCH_PATHS = (
					"$(inherited)",
					"@executable_path/../Frameworks",
				);
				MACOSX_DEPLOYMENT_TARGET = 13.0;
				MARKETING_VERSION = 0.2.0;
				PRODUCT_BUNDLE_IDENTIFIER = com.metria.app;
				PRODUCT_NAME = Metria;
				SDKROOT = macosx;
				SWIFT_OPTIMIZATION_LEVEL = "-Onone";
				SWIFT_VERSION = 5.9;
			};
			name = Debug;
		};
		B167E2B007343417EAFE2546 /* Debug */ = {
			isa = XCBuildConfiguration;
			buildSettings = {
				CODE_SIGNING_ALLOWED = NO;
				CODE_SIGNING_REQUIRED = NO;
				CODE_SIGN_IDENTITY = "";
				COMBINE_HIDPI_IMAGES = YES;
				CURRENT_PROJECT_VERSION = 1;
				DEFINES_MODULE = YES;
				DYLIB_COMPATIBILITY_VERSION = 1;
				DYLIB_CURRENT_VERSION = 1;
				DYLIB_INSTALL_NAME_BASE = "@rpath";
				GENERATE_INFOPLIST_FILE = YES;
				INSTALL_PATH = "$(LOCAL_LIBRARY_DIR)/Frameworks";
				LD_RUNPATH_SEARCH_PATHS = (
					"$(inherited)",
					"@executable_path/../Frameworks",
				);
				MACOSX_DEPLOYMENT_TARGET = 13.0;
				PRODUCT_BUNDLE_IDENTIFIER = com.metria.core;
				SDKROOT = macosx;
				SKIP_INSTALL = YES;
				SWIFT_VERSION = 5.9;
				VERSIONING_SYSTEM = "apple-generic";
			};
			name = Debug;
		};
		FDDC946820A00AEBFFD2266D /* Release */ = {
			isa = XCBuildConfiguration;
			buildSettings = {
				ALWAYS_SEARCH_USER_PATHS = NO;
				CLANG_ANALYZER_NONNULL = YES;
				CLANG_ANALYZER_NUMBER_OBJECT_CONVERSION = YES_AGGRESSIVE;
				CLANG_CXX_LANGUAGE_STANDARD = "gnu++14";
				CLANG_CXX_LIBRARY = "libc++";
				CLANG_ENABLE_MODULES = YES;
				CLANG_ENABLE_OBJC_ARC = YES;
				CLANG_ENABLE_OBJC_WEAK = YES;
				CLANG_WARN_BLOCK_CAPTURE_AUTORELEASING = YES;
				CLANG_WARN_BOOL_CONVERSION = YES;
				CLANG_WARN_COMMA = YES;
				CLANG_WARN_CONSTANT_CONVERSION = YES;
				CLANG_WARN_DEPRECATED_OBJC_IMPLEMENTATIONS = YES;
				CLANG_WARN_DIRECT_OBJC_ISA_USAGE = YES_ERROR;
				CLANG_WARN_DOCUMENTATION_COMMENTS = YES;
				CLANG_WARN_EMPTY_BODY = YES;
				CLANG_WARN_ENUM_CONVERSION = YES;
				CLANG_WARN_INFINITE_RECURSION = YES;
				CLANG_WARN_INT_CONVERSION = YES;
				CLANG_WARN_NON_LITERAL_NULL_CONVERSION = YES;
				CLANG_WARN_OBJC_IMPLICIT_RETAIN_SELF = YES;
				CLANG_WARN_OBJC_LITERAL_CONVERSION = YES;
				CLANG_WARN_OBJC_ROOT_CLASS = YES_ERROR;
				CLANG_WARN_QUOTED_INCLUDE_IN_FRAMEWORK_HEADER = YES;
				CLANG_WARN_RANGE_LOOP_ANALYSIS = YES;
				CLANG_WARN_STRICT_PROTOTYPES = YES;
				CLANG_WARN_SUSPICIOUS_MOVE = YES;
				CLANG_WARN_UNGUARDED_AVAILABILITY = YES_AGGRESSIVE;
				CLANG_WARN_UNREACHABLE_CODE = YES;
				CLANG_WARN__DUPLICATE_METHOD_MATCH = YES;
				COPY_PHASE_STRIP = NO;
				DEBUG_INFORMATION_FORMAT = "dwarf-with-dsym";
				ENABLE_NS_ASSERTIONS = NO;
				ENABLE_STRICT_OBJC_MSGSEND = YES;
				GCC_C_LANGUAGE_STANDARD = gnu11;
				GCC_NO_COMMON_BLOCKS = YES;
				GCC_WARN_64_TO_32_BIT_CONVERSION = YES;
				GCC_WARN_ABOUT_RETURN_TYPE = YES_ERROR;
				GCC_WARN_UNDECLARED_SELECTOR = YES;
				GCC_WARN_UNINITIALIZED_AUTOS = YES_AGGRESSIVE;
				GCC_WARN_UNUSED_FUNCTION = YES;
				GCC_WARN_UNUSED_VARIABLE = YES;
				MACOSX_DEPLOYMENT_TARGET = 13.0;
				MTL_ENABLE_DEBUG_INFO = NO;
				MTL_FAST_MATH = YES;
				PRODUCT_NAME = "$(TARGET_NAME)";
				SDKROOT = macosx;
				SWIFT_COMPILATION_MODE = wholemodule;
				SWIFT_OPTIMIZATION_LEVEL = "-O";
				SWIFT_VERSION = 5.0;
			};
			name = Release;
		};
/* End XCBuildConfiguration section */

/* Begin XCConfigurationList section */
		0080899C20487336489E8EA0 /* Build configuration list for PBXNativeTarget "Metria" */ = {
			isa = XCConfigurationList;
			buildConfigurations = (
				8CA0C2A0C38428161C8B6CC6 /* Debug */,
				59869E2688E0EB43A11E85E7 /* Release */,
			);
			defaultConfigurationIsVisible = 0;
			defaultConfigurationName = Debug;
		};
		0312B2E708B8012C54AFBE17 /* Build configuration list for PBXProject "Metria" */ = {
			isa = XCConfigurationList;
			buildConfigurations = (
				077A7D6FEFA1F77413E2E82B /* Debug */,
				FDDC946820A00AEBFFD2266D /* Release */,
			);
			defaultConfigurationIsVisible = 0;
			defaultConfigurationName = Debug;
		};
		C539FBBCF311A7919DCC9C26 /* Build configuration list for PBXNativeTarget "MetriaCore" */ = {
			isa = XCConfigurationList;
			buildConfigurations = (
				B167E2B007343417EAFE2546 /* Debug */,
				613AB16710561AB649BD2FD2 /* Release */,
			);
			defaultConfigurationIsVisible = 0;
			defaultConfigurationName = Debug;
		};
/* End XCConfigurationList section */

/* Begin XCRemoteSwiftPackageReference section */
		7DD7B785376A7B536CB35C3B /* XCRemoteSwiftPackageReference "Sparkle" */ = {
			isa = XCRemoteSwiftPackageReference;
			repositoryURL = "https://github.com/sparkle-project/Sparkle.git";
			requirement = {
				kind = upToNextMajorVersion;
				minimumVersion = 2.6.0;
			};
		};
/* End XCRemoteSwiftPackageReference section */

/* Begin XCSwiftPackageProductDependency section */
		EF981CF3ECD2D27A2B2730B3 /* Sparkle */ = {
			isa = XCSwiftPackageProductDependency;
			package = 7DD7B785376A7B536CB35C3B /* XCRemoteSwiftPackageReference "Sparkle" */;
			productName = Sparkle;
		};
/* End XCSwiftPackageProductDependency section */
	};
	rootObject = 85045BDDA11BB2DB26A57D6F /* Project object */;
}
